{
  "version": 1,
  "dependencies": {
    "net6.0": {
      "ColorHelper": {
        "type": "Direct",
        "requested": "[1.8.1, )",
        "resolved": "1.8.1",
        "contentHash": "rblWXd/02TfwJjX53xEfQnbnDRKxCm09VtavV8JaIcmIFWt9efNf6xTQ3WeXgy/she5R31eRTtnizFoUoDrs5w=="
      },
      "Discord.Net": {
        "type": "Direct",
        "requested": "[3.11.0, )",
        "resolved": "3.11.0",
        "contentHash": "v2OuUfpnBwpiokFta1OTEI5X4YqIAhCps6M+hg2K45aiO+wlH33aRUDCTfJzdkKcIvoZzZHTzMoTREe7QrklbA==",
        "dependencies": {
          "Discord.Net.Commands": "3.11.0",
          "Discord.Net.Core": "3.11.0",
          "Discord.Net.Interactions": "3.11.0",
          "Discord.Net.Rest": "3.11.0",
          "Discord.Net.WebSocket": "3.11.0",
          "Discord.Net.Webhook": "3.11.0"
        }
      },
      "Microsoft.Net.Http": {
        "type": "Direct",
        "requested": "[2.2.29, )",
        "resolved": "2.2.29",
        "contentHash": "fc4CPEewJ30Xgal+fSq1lYIBt582A7eKlAL7O4HXiYAiTp2VTnA4osSvk7T2n8aS4xTCPVJusQk3yKLT0XSpkg==",
        "dependencies": {
          "Microsoft.Bcl": "1.1.10",
          "Microsoft.Bcl.Build": "1.0.14"
        }
      },
      "Discord.Net.Commands": {
        "type": "Transitive",
        "resolved": "3.11.0",
        "contentHash": "G++xp6rVOphx6jX8m8TCVfiwQi6AsXlWW+lNXfKE3j5VhSKYbytRXOs0faUCrTa+tsfOGI6OCoe8XHMjEDwPoA==",
        "dependencies": {
          "Discord.Net.Core": "3.11.0"
        }
      },
      "Discord.Net.Core": {
        "type": "Transitive",
        "resolved": "3.11.0",
        "contentHash": "jVwzXlIs/tHFufukhych0/GGOntXOYr2hDJyJTYprvJBMGtGZG2N8GZDt923wW/08M96DX7SesDwOdItvT7VzQ==",
        "dependencies": {
          "Newtonsoft.Json": "13.0.2",
          "System.Collections.Immutable": "5.0.0",
          "System.Interactive.Async": "5.0.0",
          "System.ValueTuple": "4.5.0"
        }
      },
      "Discord.Net.Interactions": {
        "type": "Transitive",
        "resolved": "3.11.0",
        "contentHash": "JyxnIKhcR7KfYAOiNC720mq5qjgU8VjU++AgvJJDChq1/8qP/pgimDOvQi/Vvx9gsCRAI1avOGzy94DH8GsS7Q==",
        "dependencies": {
          "Discord.Net.Core": "3.11.0",
          "Discord.Net.Rest": "3.11.0",
          "Discord.Net.WebSocket": "3.11.0",
          "Microsoft.Extensions.DependencyInjection.Abstractions": "5.0.0",
          "System.Collections.Immutable": "5.0.0",
          "System.Reactive": "5.0.0"
        }
      },
      "Discord.Net.Rest": {
        "type": "Transitive",
        "resolved": "3.11.0",
        "contentHash": "mq/pE+j1dISgD0740rFKIdrONa6R0Rn+gw6qjq9baJRH8eezVr7zRJOW0QMy/X+iSnh+hxJWW9eErCGWuShXNg==",
        "dependencies": {
          "Discord.Net.Core": "3.11.0"
        }
      },
      "Discord.Net.Webhook": {
        "type": "Transitive",
        "resolved": "3.11.0",
        "contentHash": "rLGzOTEECVwKbjHfy2u57zI8xfd2x7Je8DYhAUdHnKjZhHupYFXn4xHWLDiv/7wuWT5H0MIR7rbtHM7eKdC9mQ==",
        "dependencies": {
          "Discord.Net.Core": "3.11.0",
          "Discord.Net.Rest": "3.11.0"
        }
      },
      "Discord.Net.WebSocket": {
        "type": "Transitive",
        "resolved": "3.11.0",
        "contentHash": "85vyo2bMThjgQgu1Fr4NCi7TNXrWEn3MlRF9zt1qcAFlMNy8UE6qpa1KmERD0Z05G8UB+l8/UQ4TmH1mWN/cqQ==",
        "dependencies": {
          "Discord.Net.Core": "3.11.0",
          "Discord.Net.Rest": "3.11.0"
        }
      },
      "Microsoft.Bcl": {
        "type": "Transitive",
        "resolved": "1.1.10",
        "contentHash": "+tTqoh/M1pyL8El3qLy30EcwnAtyvFoDZJtdG9Cbg/WdFbh4N8kyrq198XHuEL7lnJbeD0DRO8jcX5IIOh05cQ==",
        "dependencies": {
          "Microsoft.Bcl.Build": "1.0.14"
        }
      },
      "Microsoft.Bcl.Build": {
        "type": "Transitive",
        "resolved": "1.0.14",
        "contentHash": "cDLKSvNvRa519hplsbSoYqO69TjdDIhfjtKUM0g20/nVROoWsGav9KCI9HtnGjLmdV1+TcUUDhbotcllibjPEA=="
      },
      "Microsoft.Extensions.DependencyInjection.Abstractions": {
        "type": "Transitive",
        "resolved": "5.0.0",
        "contentHash": "ORj7Zh81gC69TyvmcUm9tSzytcy8AVousi+IVRAI8nLieQjOFryRusSFh7+aLk16FN9pQNqJAiMd7BTKINK0kA=="
      },
      "Newtonsoft.Json": {
        "type": "Transitive",
        "resolved": "13.0.2",
        "contentHash": "R2pZ3B0UjeyHShm9vG+Tu0EBb2lC8b0dFzV9gVn50ofHXh9Smjk6kTn7A/FdAsC8B5cKib1OnGYOXxRBz5XQDg=="
      },
      "System.Collections.Immutable": {
        "type": "Transitive",
        "resolved": "5.0.0",
        "contentHash": "FXkLXiK0sVVewcso0imKQoOxjoPAj42R8HtjjbSjVPAzwDfzoyoznWxgA3c38LDbN9SJux1xXoXYAhz98j7r2g=="
      },
      "System.Interactive.Async": {
        "type": "Transitive",
        "resolved": "5.0.0",
        "contentHash": "QaqhQVDiULcu4vm6o89+iP329HcK44cETHOYgy/jfEjtzeFy0ZxmuM7nel9ocjnKxEM4yh1mli7hgh8Q9o+/Iw==",
        "dependencies": {
          "System.Linq.Async": "5.0.0"
        }
      },
      "System.Linq.Async": {
        "type": "Transitive",
        "resolved": "5.0.0",
        "contentHash": "cPtIuuH8TIjVHSi2ewwReWGW1PfChPE0LxPIDlfwVcLuTM9GANFTXiMB7k3aC4sk3f0cQU25LNKzx+jZMxijqw=="
      },
      "System.Reactive": {
        "type": "Transitive",
        "resolved": "5.0.0",
        "contentHash": "erBZjkQHWL9jpasCE/0qKAryzVBJFxGHVBAvgRN1bzM0q2s1S4oYREEEL0Vb+1kA/6BKb5FjUZMp5VXmy+gzkQ=="
      },
      "System.ValueTuple": {
        "type": "Transitive",
        "resolved": "4.5.0",
        "contentHash": "okurQJO6NRE/apDIP23ajJ0hpiNmJ+f0BwOlB/cSqTLQlw5upkf+5+96+iG2Jw40G1fCVCyPz/FhIABUjMR+RQ=="
      }
    }
  }
}